
Microsoft Visual Studio Solution File, Format Version 12.00
# Visual Studio 15
VisualStudioVersion = 15.0.28307.705
MinimumVisualStudioVersion = 10.0.40219.1
Project("{FAE04EC0-301F-11D3-BF4B-00C04F79EFBC}") = "Parlem.Customers.API", "Parlem.Customers\Parlem.Customers.API.csproj", "{21DCD88C-2C57-4309-BBA5-C4A28EB5E868}"
EndProject
Project("{FAE04EC0-301F-11D3-BF4B-00C04F79EFBC}") = "Parlem.Customers.WForms", "Parlem.Customers.WForms\Parlem.Customers.WForms.csproj", "{A96E98DC-228E-4296-8ECD-43B2DD5E86FB}"
EndProject
Project("{FAE04EC0-301F-11D3-BF4B-00C04F79EFBC}") = "Parlem.Customers.DataBase", "Parlem.Customers.DataBase\Parlem.Customers.DataBase.csproj", "{A2C84686-83D9-406D-B5AC-884D8A581BE4}"
EndProject
Global
	GlobalSection(SolutionConfigurationPlatforms) = preSolution
		Debug|Any CPU = Debug|Any CPU
		Release|Any CPU = Release|Any CPU
	EndGlobalSection
	GlobalSection(ProjectConfigurationPlatforms) = postSolution
		{21DCD88C-2C57-4309-BBA5-C4A28EB5E868}.Debug|Any CPU.ActiveCfg = Debug|Any CPU
		{21DCD88C-2C57-4309-BBA5-C4A28EB5E868}.Debug|Any CPU.Build.0 = Debug|Any CPU
		{21DCD88C-2C57-4309-BBA5-C4A28EB5E868}.Release|Any CPU.ActiveCfg = Release|Any CPU
		{21DCD88C-2C57-4309-BBA5-C4A28EB5E868}.Release|Any CPU.Build.0 = Release|Any CPU
		{A96E98DC-228E-4296-8ECD-43B2DD5E86FB}.Debug|Any CPU.ActiveCfg = Debug|Any CPU
		{A96E98DC-228E-4296-8ECD-43B2DD5E86FB}.Debug|Any CPU.Build.0 = Debug|Any CPU
		{A96E98DC-228E-4296-8ECD-43B2DD5E86FB}.Release|Any CPU.ActiveCfg = Release|Any CPU
		{A96E98DC-228E-4296-8ECD-43B2DD5E86FB}.Release|Any CPU.Build.0 = Release|Any CPU
		{A2C84686-83D9-406D-B5AC-884D8A581BE4}.Debug|Any CPU.ActiveCfg = Debug|Any CPU
		{A2C84686-83D9-406D-B5AC-884D8A581BE4}.Debug|Any CPU.Build.0 = Debug|Any CPU
		{A2C84686-83D9-406D-B5AC-884D8A581BE4}.Release|Any CPU.ActiveCfg = Release|Any CPU
		{A2C84686-83D9-406D-B5AC-884D8A581BE4}.Release|Any CPU.Build.0 = Release|Any CPU
	EndGlobalSection
	GlobalSection(SolutionProperties) = preSolution
		HideSolutionNode = FALSE
	EndGlobalSection
	GlobalSection(ExtensibilityGlobals) = postSolution
		SolutionGuid = {ADAC1A3B-2C30-4339-B646-61A46429A99F}
	EndGlobalSection
EndGlobal
